
Microsoft Visual Studio Solution File, Format Version 12.00
# Visual Studio Version 16
VisualStudioVersion = 16.0.30104.148
MinimumVisualStudioVersion = 10.0.40219.1
Project("{FAE04EC0-301F-11D3-BF4B-00C04F79EFBC}") = "AspNetCoreIdentity", "AspNetCoreIdentity\AspNetCoreIdentity.csproj", "{DC8E5F8A-C46A-4CD4-9F40-A4FC7CD664A9}"
EndProject
Global
	GlobalSection(SolutionConfigurationPlatforms) = preSolution
		Debug|Any CPU = Debug|Any CPU
		Release|Any CPU = Release|Any CPU
	EndGlobalSection
	GlobalSection(ProjectConfigurationPlatforms) = postSolution
		{DC8E5F8A-C46A-4CD4-9F40-A4FC7CD664A9}.Debug|Any CPU.ActiveCfg = Debug|Any CPU
		{DC8E5F8A-C46A-4CD4-9F40-A4FC7CD664A9}.Debug|Any CPU.Build.0 = Debug|Any CPU
		{DC8E5F8A-C46A-4CD4-9F40-A4FC7CD664A9}.Release|Any CPU.ActiveCfg = Release|Any CPU
		{DC8E5F8A-C46A-4CD4-9F40-A4FC7CD664A9}.Release|Any CPU.Build.0 = Release|Any CPU
	EndGlobalSection
	GlobalSection(SolutionProperties) = preSolution
		HideSolutionNode = FALSE
	EndGlobalSection
	GlobalSection(ExtensibilityGlobals) = postSolution
		SolutionGuid = {D113FF42-034D-4E39-A43E-A640DDC7720B}
	EndGlobalSection
EndGlobal
